# This file is automatically @generated by Cargo.
# It is not intended for manual editing.
version = 3

[[package]]
name = "async-trait"
version = "0.1.71"
source = "registry+https://github.com/rust-lang/crates.io-index"
checksum = "a564d521dd56509c4c47480d00b80ee55f7e385ae48db5744c67ad50c92d2ebf"
dependencies = [
 "proc-macro2",
 "quote",
 "syn",
]

[[package]]
name = "autocfg"
version = "1.1.0"
source = "registry+https://github.com/rust-lang/crates.io-index"
checksum = "d468802bab17cbc0cc575e9b053f41e72aa36bfa6b7f55e3529ffa43161b97fa"

[[package]]
name = "base64"
version = "0.12.3"
source = "registry+https://github.com/rust-lang/crates.io-index"
checksum = "3441f0f7b02788e948e47f457ca01f1d7e6d92c693bc132c22b087d3141c03ff"

[[package]]
name = "bigdecimal"
version = "0.3.1"
source = "registry+https://github.com/rust-lang/crates.io-index"
checksum = "a6773ddc0eafc0e509fb60e48dff7f450f8e674a0686ae8605e8d9901bd5eefa"
dependencies = [
 "num-bigint",
 "num-integer",
 "num-traits",
]

[[package]]
name = "chrono"
version = "0.4.9"
source = "registry+https://github.com/rust-lang/crates.io-index"
checksum = "e8493056968583b0193c1bb04d6f7684586f3726992d6c573261941a895dbd68"
dependencies = [
 "libc",
 "num-integer",
 "num-traits",
]

[[package]]
name = "either"
version = "1.8.1"
source = "registry+https://github.com/rust-lang/crates.io-index"
checksum = "7fcaabb2fef8c910e7f4c7ce9f67a1283a1715879a7c230ca9d6d1ae31f16d91"

[[package]]
name = "itoa"
version = "1.0.8"
source = "registry+https://github.com/rust-lang/crates.io-index"
checksum = "62b02a5381cc465bd3041d84623d0fa3b66738b52b8e2fc3bab8ad63ab032f4a"

[[package]]
name = "libc"
version = "0.2.147"
source = "registry+https://github.com/rust-lang/crates.io-index"
checksum = "b4668fb0ea861c1df094127ac5f1da3409a82116a4ba74fca2e58ef927159bb3"

[[package]]
name = "num-bigint"
version = "0.4.3"
source = "registry+https://github.com/rust-lang/crates.io-index"
checksum = "f93ab6289c7b344a8a9f60f88d80aa20032336fe78da341afc91c8a2341fc75f"
dependencies = [
 "autocfg",
 "num-integer",
 "num-traits",
]

[[package]]
name = "num-integer"
version = "0.1.45"
source = "registry+https://github.com/rust-lang/crates.io-index"
checksum = "225d3389fb3509a24c93f5c29eb6bde2586b98d9f016636dff58d7c6f7569cd9"
dependencies = [
 "autocfg",
 "num-traits",
]

[[package]]
name = "num-traits"
version = "0.2.15"
source = "registry+https://github.com/rust-lang/crates.io-index"
checksum = "578ede34cf02f8924ab9447f50c28075b4d3e5b269972345e7e0372b38c6cdcd"
dependencies = [
 "autocfg",
]

[[package]]
name = "proc-macro2"
version = "1.0.63"
source = "registry+https://github.com/rust-lang/crates.io-index"
checksum = "7b368fba921b0dce7e60f5e04ec15e565b3303972b42bcfde1d0713b881959eb"
dependencies = [
 "unicode-ident",
]

[[package]]
name = "quaint-core"
version = "0.1.0"
dependencies = [
 "async-trait",
 "base64",
 "bigdecimal",
 "chrono",
 "either",
 "serde",
 "serde_json",
 "thiserror",
 "uuid",
]

[[package]]
name = "quote"
version = "1.0.29"
source = "registry+https://github.com/rust-lang/crates.io-index"
checksum = "573015e8ab27661678357f27dc26460738fd2b6c86e46f386fde94cb5d913105"
dependencies = [
 "proc-macro2",
]

[[package]]
name = "ryu"
version = "1.0.14"
source = "registry+https://github.com/rust-lang/crates.io-index"
checksum = "fe232bdf6be8c8de797b22184ee71118d63780ea42ac85b61d1baa6d3b782ae9"

[[package]]
name = "serde"
version = "1.0.167"
source = "registry+https://github.com/rust-lang/crates.io-index"
checksum = "7daf513456463b42aa1d94cff7e0c24d682b429f020b9afa4f5ba5c40a22b237"
dependencies = [
 "serde_derive",
]

[[package]]
name = "serde_derive"
version = "1.0.167"
source = "registry+https://github.com/rust-lang/crates.io-index"
checksum = "b69b106b68bc8054f0e974e70d19984040f8a5cf9215ca82626ea4853f82c4b9"
dependencies = [
 "proc-macro2",
 "quote",
 "syn",
]

[[package]]
name = "serde_json"
version = "1.0.100"
source = "registry+https://github.com/rust-lang/crates.io-index"
checksum = "0f1e14e89be7aa4c4b78bdbdc9eb5bf8517829a600ae8eaa39a6e1d960b5185c"
dependencies = [
 "itoa",
 "ryu",
 "serde",
]

[[package]]
name = "syn"
version = "2.0.23"
source = "registry+https://github.com/rust-lang/crates.io-index"
checksum = "59fb7d6d8281a51045d62b8eb3a7d1ce347b76f312af50cd3dc0af39c87c1737"
dependencies = [
 "proc-macro2",
 "quote",
 "unicode-ident",
]

[[package]]
name = "thiserror"
version = "1.0.43"
source = "registry+https://github.com/rust-lang/crates.io-index"
checksum = "a35fc5b8971143ca348fa6df4f024d4d55264f3468c71ad1c2f365b0a4d58c42"
dependencies = [
 "thiserror-impl",
]

[[package]]
name = "thiserror-impl"
version = "1.0.43"
source = "registry+https://github.com/rust-lang/crates.io-index"
checksum = "463fe12d7993d3b327787537ce8dd4dfa058de32fc2b195ef3cde03dc4771e8f"
dependencies = [
 "proc-macro2",
 "quote",
 "syn",
]

[[package]]
name = "unicode-ident"
version = "1.0.10"
source = "registry+https://github.com/rust-lang/crates.io-index"
checksum = "22049a19f4a68748a168c0fc439f9516686aa045927ff767eca0a85101fb6e73"

[[package]]
name = "uuid"
version = "1.4.0"
source = "registry+https://github.com/rust-lang/crates.io-index"
checksum = "d023da39d1fde5a8a3fe1f3e01ca9632ada0a63e9797de55a879d6e2236277be"
