lockfileVersion: '9.0'

settings:
  autoInstallPeers: true
  excludeLinksFromLockfile: false

importers:

  .:
    devDependencies:
      ts-node:
        specifier: 10.9.2
        version: 10.9.2(@types/node@20.10.8)(typescript@5.4.5)
      tsx:
        specifier: 4.7.2
        version: 4.7.2
      typescript:
        specifier: 5.4.5
        version: 5.4.5

packages:

  '@cspotcode/source-map-support@0.8.1':
    resolution: {integrity: sha512-IchNf6dN4tHoMFIn/7OE8LWZ19Y6q/67Bmf6vnGREv8RSbBVb9LPJxEcnwrcwX6ixSvaiGoomAUvu4YSxXrVgw==}
    engines: {node: '>=12'}

  '@esbuild/aix-ppc64@0.19.11':
    resolution: {integrity: sha512-FnzU0LyE3ySQk7UntJO4+qIiQgI7KoODnZg5xzXIrFJlKd2P2gwHsHY4927xj9y5PJmJSzULiUCWmv7iWnNa7g==}
    engines: {node: '>=12'}
    cpu: [ppc64]
    os: [aix]

  '@esbuild/android-arm64@0.19.11':
    resolution: {integrity: sha512-aiu7K/5JnLj//KOnOfEZ0D90obUkRzDMyqd/wNAUQ34m4YUPVhRZpnqKV9uqDGxT7cToSDnIHsGooyIczu9T+Q==}
    engines: {node: '>=12'}
    cpu: [arm64]
    os: [android]

  '@esbuild/android-arm@0.19.11':
    resolution: {integrity: sha512-5OVapq0ClabvKvQ58Bws8+wkLCV+Rxg7tUVbo9xu034Nm536QTII4YzhaFriQ7rMrorfnFKUsArD2lqKbFY4vw==}
    engines: {node: '>=12'}
    cpu: [arm]
    os: [android]

  '@esbuild/android-x64@0.19.11':
    resolution: {integrity: sha512-eccxjlfGw43WYoY9QgB82SgGgDbibcqyDTlk3l3C0jOVHKxrjdc9CTwDUQd0vkvYg5um0OH+GpxYvp39r+IPOg==}
    engines: {node: '>=12'}
    cpu: [x64]
    os: [android]

  '@esbuild/darwin-arm64@0.19.11':
    resolution: {integrity: sha512-ETp87DRWuSt9KdDVkqSoKoLFHYTrkyz2+65fj9nfXsaV3bMhTCjtQfw3y+um88vGRKRiF7erPrh/ZuIdLUIVxQ==}
    engines: {node: '>=12'}
    cpu: [arm64]
    os: [darwin]

  '@esbuild/darwin-x64@0.19.11':
    resolution: {integrity: sha512-fkFUiS6IUK9WYUO/+22omwetaSNl5/A8giXvQlcinLIjVkxwTLSktbF5f/kJMftM2MJp9+fXqZ5ezS7+SALp4g==}
    engines: {node: '>=12'}
    cpu: [x64]
    os: [darwin]

  '@esbuild/freebsd-arm64@0.19.11':
    resolution: {integrity: sha512-lhoSp5K6bxKRNdXUtHoNc5HhbXVCS8V0iZmDvyWvYq9S5WSfTIHU2UGjcGt7UeS6iEYp9eeymIl5mJBn0yiuxA==}
    engines: {node: '>=12'}
    cpu: [arm64]
    os: [freebsd]

  '@esbuild/freebsd-x64@0.19.11':
    resolution: {integrity: sha512-JkUqn44AffGXitVI6/AbQdoYAq0TEullFdqcMY/PCUZ36xJ9ZJRtQabzMA+Vi7r78+25ZIBosLTOKnUXBSi1Kw==}
    engines: {node: '>=12'}
    cpu: [x64]
    os: [freebsd]

  '@esbuild/linux-arm64@0.19.11':
    resolution: {integrity: sha512-LneLg3ypEeveBSMuoa0kwMpCGmpu8XQUh+mL8XXwoYZ6Be2qBnVtcDI5azSvh7vioMDhoJFZzp9GWp9IWpYoUg==}
    engines: {node: '>=12'}
    cpu: [arm64]
    os: [linux]

  '@esbuild/linux-arm@0.19.11':
    resolution: {integrity: sha512-3CRkr9+vCV2XJbjwgzjPtO8T0SZUmRZla+UL1jw+XqHZPkPgZiyWvbDvl9rqAN8Zl7qJF0O/9ycMtjU67HN9/Q==}
    engines: {node: '>=12'}
    cpu: [arm]
    os: [linux]

  '@esbuild/linux-ia32@0.19.11':
    resolution: {integrity: sha512-caHy++CsD8Bgq2V5CodbJjFPEiDPq8JJmBdeyZ8GWVQMjRD0sU548nNdwPNvKjVpamYYVL40AORekgfIubwHoA==}
    engines: {node: '>=12'}
    cpu: [ia32]
    os: [linux]

  '@esbuild/linux-loong64@0.19.11':
    resolution: {integrity: sha512-ppZSSLVpPrwHccvC6nQVZaSHlFsvCQyjnvirnVjbKSHuE5N24Yl8F3UwYUUR1UEPaFObGD2tSvVKbvR+uT1Nrg==}
    engines: {node: '>=12'}
    cpu: [loong64]
    os: [linux]

  '@esbuild/linux-mips64el@0.19.11':
    resolution: {integrity: sha512-B5x9j0OgjG+v1dF2DkH34lr+7Gmv0kzX6/V0afF41FkPMMqaQ77pH7CrhWeR22aEeHKaeZVtZ6yFwlxOKPVFyg==}
    engines: {node: '>=12'}
    cpu: [mips64el]
    os: [linux]

  '@esbuild/linux-ppc64@0.19.11':
    resolution: {integrity: sha512-MHrZYLeCG8vXblMetWyttkdVRjQlQUb/oMgBNurVEnhj4YWOr4G5lmBfZjHYQHHN0g6yDmCAQRR8MUHldvvRDA==}
    engines: {node: '>=12'}
    cpu: [ppc64]
    os: [linux]

  '@esbuild/linux-riscv64@0.19.11':
    resolution: {integrity: sha512-f3DY++t94uVg141dozDu4CCUkYW+09rWtaWfnb3bqe4w5NqmZd6nPVBm+qbz7WaHZCoqXqHz5p6CM6qv3qnSSQ==}
    engines: {node: '>=12'}
    cpu: [riscv64]
    os: [linux]

  '@esbuild/linux-s390x@0.19.11':
    resolution: {integrity: sha512-A5xdUoyWJHMMlcSMcPGVLzYzpcY8QP1RtYzX5/bS4dvjBGVxdhuiYyFwp7z74ocV7WDc0n1harxmpq2ePOjI0Q==}
    engines: {node: '>=12'}
    cpu: [s390x]
    os: [linux]

  '@esbuild/linux-x64@0.19.11':
    resolution: {integrity: sha512-grbyMlVCvJSfxFQUndw5mCtWs5LO1gUlwP4CDi4iJBbVpZcqLVT29FxgGuBJGSzyOxotFG4LoO5X+M1350zmPA==}
    engines: {node: '>=12'}
    cpu: [x64]
    os: [linux]

  '@esbuild/netbsd-x64@0.19.11':
    resolution: {integrity: sha512-13jvrQZJc3P230OhU8xgwUnDeuC/9egsjTkXN49b3GcS5BKvJqZn86aGM8W9pd14Kd+u7HuFBMVtrNGhh6fHEQ==}
    engines: {node: '>=12'}
    cpu: [x64]
    os: [netbsd]

  '@esbuild/openbsd-x64@0.19.11':
    resolution: {integrity: sha512-ysyOGZuTp6SNKPE11INDUeFVVQFrhcNDVUgSQVDzqsqX38DjhPEPATpid04LCoUr2WXhQTEZ8ct/EgJCUDpyNw==}
    engines: {node: '>=12'}
    cpu: [x64]
    os: [openbsd]

  '@esbuild/sunos-x64@0.19.11':
    resolution: {integrity: sha512-Hf+Sad9nVwvtxy4DXCZQqLpgmRTQqyFyhT3bZ4F2XlJCjxGmRFF0Shwn9rzhOYRB61w9VMXUkxlBy56dk9JJiQ==}
    engines: {node: '>=12'}
    cpu: [x64]
    os: [sunos]

  '@esbuild/win32-arm64@0.19.11':
    resolution: {integrity: sha512-0P58Sbi0LctOMOQbpEOvOL44Ne0sqbS0XWHMvvrg6NE5jQ1xguCSSw9jQeUk2lfrXYsKDdOe6K+oZiwKPilYPQ==}
    engines: {node: '>=12'}
    cpu: [arm64]
    os: [win32]

  '@esbuild/win32-ia32@0.19.11':
    resolution: {integrity: sha512-6YOrWS+sDJDmshdBIQU+Uoyh7pQKrdykdefC1avn76ss5c+RN6gut3LZA4E2cH5xUEp5/cA0+YxRaVtRAb0xBg==}
    engines: {node: '>=12'}
    cpu: [ia32]
    os: [win32]

  '@esbuild/win32-x64@0.19.11':
    resolution: {integrity: sha512-vfkhltrjCAb603XaFhqhAF4LGDi2M4OrCRrFusyQ+iTLQ/o60QQXxc9cZC/FFpihBI9N1Grn6SMKVJ4KP7Fuiw==}
    engines: {node: '>=12'}
    cpu: [x64]
    os: [win32]

  '@jridgewell/resolve-uri@3.1.1':
    resolution: {integrity: sha512-dSYZh7HhCDtCKm4QakX0xFpsRDqjjtZf/kjI/v3T3Nwt5r8/qz/M19F9ySyOqU94SXBmeG9ttTul+YnR4LOxFA==}
    engines: {node: '>=6.0.0'}

  '@jridgewell/sourcemap-codec@1.4.15':
    resolution: {integrity: sha512-eF2rxCRulEKXHTRiDrDy6erMYWqNw4LPdQ8UQA4huuxaQsVeRPFl2oM8oDGxMFhJUWZf9McpLtJasDDZb/Bpeg==}

  '@jridgewell/trace-mapping@0.3.9':
    resolution: {integrity: sha512-3Belt6tdc8bPgAtbcmdtNJlirVoTmEb5e2gC94PnkwEW9jI6CAHUeoG85tjWP5WquqfavoMtMwiG4P926ZKKuQ==}

  '@tsconfig/node10@1.0.9':
    resolution: {integrity: sha512-jNsYVVxU8v5g43Erja32laIDHXeoNvFEpX33OK4d6hljo3jDhCBDhx5dhCCTMWUojscpAagGiRkBKxpdl9fxqA==}

  '@tsconfig/node12@1.0.11':
    resolution: {integrity: sha512-cqefuRsh12pWyGsIoBKJA9luFu3mRxCA+ORZvA4ktLSzIuCUtWVxGIuXigEwO5/ywWFMZ2QEGKWvkZG1zDMTag==}

  '@tsconfig/node14@1.0.3':
    resolution: {integrity: sha512-ysT8mhdixWK6Hw3i1V2AeRqZ5WfXg1G43mqoYlM2nc6388Fq5jcXyr5mRsqViLx/GJYdoL0bfXD8nmF+Zn/Iow==}

  '@tsconfig/node16@1.0.4':
    resolution: {integrity: sha512-vxhUy4J8lyeyinH7Azl1pdd43GJhZH/tP2weN8TntQblOY+A0XbT8DJk1/oCPuOOyg/Ja757rG0CgHcWC8OfMA==}

  '@types/node@20.10.8':
    resolution: {integrity: sha512-f8nQs3cLxbAFc00vEU59yf9UyGUftkPaLGfvbVOIDdx2i1b8epBqj2aNGyP19fiyXWvlmZ7qC1XLjAzw/OKIeA==}

  acorn-walk@8.3.1:
    resolution: {integrity: sha512-TgUZgYvqZprrl7YldZNoa9OciCAyZR+Ejm9eXzKCmjsF5IKp/wgQ7Z/ZpjpGTIUPwrHQIcYeI8qDh4PsEwxMbw==}
    engines: {node: '>=0.4.0'}

  acorn@8.11.3:
    resolution: {integrity: sha512-Y9rRfJG5jcKOE0CLisYbojUjIrIEE7AGMzA/Sm4BslANhbS+cDMpgBdcPT91oJ7OuJ9hYJBx59RjbhxVnrF8Xg==}
    engines: {node: '>=0.4.0'}
    hasBin: true

  arg@4.1.3:
    resolution: {integrity: sha512-58S9QDqG0Xx27YwPSt9fJxivjYl432YCwfDMfZ+71RAqUrZef7LrKQZ3LHLOwCS4FLNBplP533Zx895SeOCHvA==}

  create-require@1.1.1:
    resolution: {integrity: sha512-dcKFX3jn0MpIaXjisoRvexIJVEKzaq7z2rZKxf+MSr9TkdmHmsU4m2lcLojrj/FHl8mk5VxMmYA+ftRkP/3oKQ==}

  diff@4.0.2:
    resolution: {integrity: sha512-58lmxKSA4BNyLz+HHMUzlOEpg09FV+ev6ZMe3vJihgdxzgcwZ8VoEEPmALCZG9LmqfVoNMMKpttIYTVG6uDY7A==}
    engines: {node: '>=0.3.1'}

  esbuild@0.19.11:
    resolution: {integrity: sha512-HJ96Hev2hX/6i5cDVwcqiJBBtuo9+FeIJOtZ9W1kA5M6AMJRHUZlpYZ1/SbEwtO0ioNAW8rUooVpC/WehY2SfA==}
    engines: {node: '>=12'}
    hasBin: true

  fsevents@2.3.3:
    resolution: {integrity: sha512-5xoDfX+fL7faATnagmWPpbFtwh/R77WmMMqqHGS65C3vvB0YHrgF+B1YmZ3441tMj5n63k0212XNoJwzlhffQw==}
    engines: {node: ^8.16.0 || ^10.6.0 || >=11.0.0}
    os: [darwin]

  get-tsconfig@4.7.2:
    resolution: {integrity: sha512-wuMsz4leaj5hbGgg4IvDU0bqJagpftG5l5cXIAvo8uZrqn0NJqwtfupTN00VnkQJPcIRrxYrm1Ue24btpCha2A==}

  make-error@1.3.6:
    resolution: {integrity: sha512-s8UhlNe7vPKomQhC1qFelMokr/Sc3AgNbso3n74mVPA5LTZwkB9NlXf4XPamLxJE8h0gh73rM94xvwRT2CVInw==}

  resolve-pkg-maps@1.0.0:
    resolution: {integrity: sha512-seS2Tj26TBVOC2NIc2rOe2y2ZO7efxITtLZcGSOnHHNOQ7CkiUBfw0Iw2ck6xkIhPwLhKNLS8BO+hEpngQlqzw==}

  ts-node@10.9.2:
    resolution: {integrity: sha512-f0FFpIdcHgn8zcPSbf1dRevwt047YMnaiJM3u2w2RewrB+fob/zePZcrOyQoLMMO7aBIddLcQIEK5dYjkLnGrQ==}
    hasBin: true
    peerDependencies:
      '@swc/core': '>=1.2.50'
      '@swc/wasm': '>=1.2.50'
      '@types/node': '*'
      typescript: '>=2.7'
    peerDependenciesMeta:
      '@swc/core':
        optional: true
      '@swc/wasm':
        optional: true

  tsx@4.7.2:
    resolution: {integrity: sha512-BCNd4kz6fz12fyrgCTEdZHGJ9fWTGeUzXmQysh0RVocDY3h4frk05ZNCXSy4kIenF7y/QnrdiVpTsyNRn6vlAw==}
    engines: {node: '>=18.0.0'}
    hasBin: true

  typescript@5.4.5:
    resolution: {integrity: sha512-vcI4UpRgg81oIRUFwR0WSIHKt11nJ7SAVlYNIu+QpqeyXP+gpQJy/Z4+F0aGxSE4MqwjyXvW/TzgkLAx2AGHwQ==}
    engines: {node: '>=14.17'}
    hasBin: true

  undici-types@5.26.5:
    resolution: {integrity: sha512-JlCMO+ehdEIKqlFxk6IfVoAUVmgz7cU7zD/h9XZ0qzeosSHmUJVOzSQvvYSYWXkFXC+IfLKSIffhv0sVZup6pA==}

  v8-compile-cache-lib@3.0.1:
    resolution: {integrity: sha512-wa7YjyUGfNZngI/vtK0UHAN+lgDCxBPCylVXGp0zu59Fz5aiGtNXaq3DhIov063MorB+VfufLh3JlF2KdTK3xg==}

  yn@3.1.1:
    resolution: {integrity: sha512-Ux4ygGWsu2c7isFWe8Yu1YluJmqVhxqK2cLXNQA5AcC3QfbGNpM7fu0Y8b/z16pXLnFxZYvWhd3fhBY9DLmC6Q==}
    engines: {node: '>=6'}

snapshots:

  '@cspotcode/source-map-support@0.8.1':
    dependencies:
      '@jridgewell/trace-mapping': 0.3.9

  '@esbuild/aix-ppc64@0.19.11':
    optional: true

  '@esbuild/android-arm64@0.19.11':
    optional: true

  '@esbuild/android-arm@0.19.11':
    optional: true

  '@esbuild/android-x64@0.19.11':
    optional: true

  '@esbuild/darwin-arm64@0.19.11':
    optional: true

  '@esbuild/darwin-x64@0.19.11':
    optional: true

  '@esbuild/freebsd-arm64@0.19.11':
    optional: true

  '@esbuild/freebsd-x64@0.19.11':
    optional: true

  '@esbuild/linux-arm64@0.19.11':
    optional: true

  '@esbuild/linux-arm@0.19.11':
    optional: true

  '@esbuild/linux-ia32@0.19.11':
    optional: true

  '@esbuild/linux-loong64@0.19.11':
    optional: true

  '@esbuild/linux-mips64el@0.19.11':
    optional: true

  '@esbuild/linux-ppc64@0.19.11':
    optional: true

  '@esbuild/linux-riscv64@0.19.11':
    optional: true

  '@esbuild/linux-s390x@0.19.11':
    optional: true

  '@esbuild/linux-x64@0.19.11':
    optional: true

  '@esbuild/netbsd-x64@0.19.11':
    optional: true

  '@esbuild/openbsd-x64@0.19.11':
    optional: true

  '@esbuild/sunos-x64@0.19.11':
    optional: true

  '@esbuild/win32-arm64@0.19.11':
    optional: true

  '@esbuild/win32-ia32@0.19.11':
    optional: true

  '@esbuild/win32-x64@0.19.11':
    optional: true

  '@jridgewell/resolve-uri@3.1.1': {}

  '@jridgewell/sourcemap-codec@1.4.15': {}

  '@jridgewell/trace-mapping@0.3.9':
    dependencies:
      '@jridgewell/resolve-uri': 3.1.1
      '@jridgewell/sourcemap-codec': 1.4.15

  '@tsconfig/node10@1.0.9': {}

  '@tsconfig/node12@1.0.11': {}

  '@tsconfig/node14@1.0.3': {}

  '@tsconfig/node16@1.0.4': {}

  '@types/node@20.10.8':
    dependencies:
      undici-types: 5.26.5

  acorn-walk@8.3.1: {}

  acorn@8.11.3: {}

  arg@4.1.3: {}

  create-require@1.1.1: {}

  diff@4.0.2: {}

  esbuild@0.19.11:
    optionalDependencies:
      '@esbuild/aix-ppc64': 0.19.11
      '@esbuild/android-arm': 0.19.11
      '@esbuild/android-arm64': 0.19.11
      '@esbuild/android-x64': 0.19.11
      '@esbuild/darwin-arm64': 0.19.11
      '@esbuild/darwin-x64': 0.19.11
      '@esbuild/freebsd-arm64': 0.19.11
      '@esbuild/freebsd-x64': 0.19.11
      '@esbuild/linux-arm': 0.19.11
      '@esbuild/linux-arm64': 0.19.11
      '@esbuild/linux-ia32': 0.19.11
      '@esbuild/linux-loong64': 0.19.11
      '@esbuild/linux-mips64el': 0.19.11
      '@esbuild/linux-ppc64': 0.19.11
      '@esbuild/linux-riscv64': 0.19.11
      '@esbuild/linux-s390x': 0.19.11
      '@esbuild/linux-x64': 0.19.11
      '@esbuild/netbsd-x64': 0.19.11
      '@esbuild/openbsd-x64': 0.19.11
      '@esbuild/sunos-x64': 0.19.11
      '@esbuild/win32-arm64': 0.19.11
      '@esbuild/win32-ia32': 0.19.11
      '@esbuild/win32-x64': 0.19.11

  fsevents@2.3.3:
    optional: true

  get-tsconfig@4.7.2:
    dependencies:
      resolve-pkg-maps: 1.0.0

  make-error@1.3.6: {}

  resolve-pkg-maps@1.0.0: {}

  ts-node@10.9.2(@types/node@20.10.8)(typescript@5.4.5):
    dependencies:
      '@cspotcode/source-map-support': 0.8.1
      '@tsconfig/node10': 1.0.9
      '@tsconfig/node12': 1.0.11
      '@tsconfig/node14': 1.0.3
      '@tsconfig/node16': 1.0.4
      '@types/node': 20.10.8
      acorn: 8.11.3
      acorn-walk: 8.3.1
      arg: 4.1.3
      create-require: 1.1.1
      diff: 4.0.2
      make-error: 1.3.6
      typescript: 5.4.5
      v8-compile-cache-lib: 3.0.1
      yn: 3.1.1

  tsx@4.7.2:
    dependencies:
      esbuild: 0.19.11
      get-tsconfig: 4.7.2
    optionalDependencies:
      fsevents: 2.3.3

  typescript@5.4.5: {}

  undici-types@5.26.5: {}

  v8-compile-cache-lib@3.0.1: {}

  yn@3.1.1: {}
